
Microsoft Visual Studio Solution File, Format Version 12.00
# Visual Studio Version 16
VisualStudioVersion = 16.0.30804.86
MinimumVisualStudioVersion = 10.0.40219.1
Project("{F184B08F-C81C-45F6-A57F-5ABD9991F28F}") = "CyberPunk_2077_Setup", "CyberPunk_2077_Setup\CyberPunk_2077_Setup.vbproj", "{0DB413EF-B75A-4842-B18F-6AE824A11CFF}"
EndProject
Global
	GlobalSection(SolutionConfigurationPlatforms) = preSolution
		Debug|Any CPU = Debug|Any CPU
		Release|Any CPU = Release|Any CPU
	EndGlobalSection
	GlobalSection(ProjectConfigurationPlatforms) = postSolution
		{0DB413EF-B75A-4842-B18F-6AE824A11CFF}.Debug|Any CPU.ActiveCfg = Debug|Any CPU
		{0DB413EF-B75A-4842-B18F-6AE824A11CFF}.Debug|Any CPU.Build.0 = Debug|Any CPU
		{0DB413EF-B75A-4842-B18F-6AE824A11CFF}.Release|Any CPU.ActiveCfg = Release|Any CPU
		{0DB413EF-B75A-4842-B18F-6AE824A11CFF}.Release|Any CPU.Build.0 = Release|Any CPU
	EndGlobalSection
	GlobalSection(SolutionProperties) = preSolution
		HideSolutionNode = FALSE
	EndGlobalSection
	GlobalSection(ExtensibilityGlobals) = postSolution
		SolutionGuid = {D8B49CDB-5DD3-4B54-883C-7467A2265CF4}
	EndGlobalSection
EndGlobal
